
Microsoft Visual Studio Solution File, Format Version 12.00
# Visual Studio Version 16
VisualStudioVersion = 16.0.31729.503
MinimumVisualStudioVersion = 10.0.40219.1
Project("{FAE04EC0-301F-11D3-BF4B-00C04F79EFBC}") = "AppPostComposicaoObjetos", "AppPostComposicaoObjetos.csproj", "{70628626-9F72-4D0A-AB89-835B5F51428B}"
EndProject
Global
	GlobalSection(SolutionConfigurationPlatforms) = preSolution
		Debug|Any CPU = Debug|Any CPU
		Release|Any CPU = Release|Any CPU
	EndGlobalSection
	GlobalSection(ProjectConfigurationPlatforms) = postSolution
		{70628626-9F72-4D0A-AB89-835B5F51428B}.Debug|Any CPU.ActiveCfg = Debug|Any CPU
		{70628626-9F72-4D0A-AB89-835B5F51428B}.Debug|Any CPU.Build.0 = Debug|Any CPU
		{70628626-9F72-4D0A-AB89-835B5F51428B}.Release|Any CPU.ActiveCfg = Release|Any CPU
		{70628626-9F72-4D0A-AB89-835B5F51428B}.Release|Any CPU.Build.0 = Release|Any CPU
	EndGlobalSection
	GlobalSection(SolutionProperties) = preSolution
		HideSolutionNode = FALSE
	EndGlobalSection
	GlobalSection(ExtensibilityGlobals) = postSolution
		SolutionGuid = {A0A3DC72-2A03-4932-B29B-EFE0B74D0A08}
	EndGlobalSection
EndGlobal
